// !$*UTF8*$!
{
	archiveVersion = 1;
	classes = {
	};
	objectVersion = 51;
	objects = {

/* Begin PBXBuildFile section */
		13853BF6269351AD0048555D /* AppDelegate.swift in Sources */ = {isa = PBXBuildFile; fileRef = 13853BF5269351AD0048555D /* AppDelegate.swift */; };
		13853BF8269351AD0048555D /* SceneDelegate.swift in Sources */ = {isa = PBXBuildFile; fileRef = 13853BF7269351AD0048555D /* SceneDelegate.swift */; };
		13853BFA269351AD0048555D /* WatchListViewController.swift in Sources */ = {isa = PBXBuildFile; fileRef = 13853BF9269351AD0048555D /* WatchListViewController.swift */; };
		13853BFF269351AE0048555D /* Assets.xcassets in Resources */ = {isa = PBXBuildFile; fileRef = 13853BFE269351AE0048555D /* Assets.xcassets */; };
		13853C02269351AE0048555D /* LaunchScreen.storyboard in Resources */ = {isa = PBXBuildFile; fileRef = 13853C00269351AE0048555D /* LaunchScreen.storyboard */; };
		13853C14269353570048555D /* NewsViewController.swift in Sources */ = {isa = PBXBuildFile; fileRef = 13853C13269353570048555D /* NewsViewController.swift */; };
		13853C17269353710048555D /* SearchResultsViewController.swift in Sources */ = {isa = PBXBuildFile; fileRef = 13853C16269353710048555D /* SearchResultsViewController.swift */; };
		13853C1A269353830048555D /* StockDetailsViewController.swift in Sources */ = {isa = PBXBuildFile; fileRef = 13853C19269353830048555D /* StockDetailsViewController.swift */; };
		13A43FDB26A5D73A009D4862 /* MarketDataResponse.swift in Sources */ = {isa = PBXBuildFile; fileRef = 13A43FDA26A5D73A009D4862 /* MarketDataResponse.swift */; };
		13A8D92F269F121C006B59CE /* NewsStoryTableViewCell.swift in Sources */ = {isa = PBXBuildFile; fileRef = 13A8D92E269F121C006B59CE /* NewsStoryTableViewCell.swift */; };
		13A97FAE269DE134008C10F6 /* NewsHeaderView.swift in Sources */ = {isa = PBXBuildFile; fileRef = 13A97FAD269DE134008C10F6 /* NewsHeaderView.swift */; };
		13A97FB1269DE81E008C10F6 /* NewStory.swift in Sources */ = {isa = PBXBuildFile; fileRef = 13A97FB0269DE81E008C10F6 /* NewStory.swift */; };
		13B2A3C426B3E7F600AC9FBC /* FinancialMetricsResponse.swift in Sources */ = {isa = PBXBuildFile; fileRef = 13B2A3C326B3E7F600AC9FBC /* FinancialMetricsResponse.swift */; };
		13B2A3C726B3EEE600AC9FBC /* StockDetailHeaderView.swift in Sources */ = {isa = PBXBuildFile; fileRef = 13B2A3C626B3EEE600AC9FBC /* StockDetailHeaderView.swift */; };
		13B2A3CA26B406E800AC9FBC /* MetricCollectionViewCell.swift in Sources */ = {isa = PBXBuildFile; fileRef = 13B2A3C926B406E800AC9FBC /* MetricCollectionViewCell.swift */; };
		13FB8126269B1AD1002561F8 /* APICaller.swift in Sources */ = {isa = PBXBuildFile; fileRef = 13FB8125269B1AD1002561F8 /* APICaller.swift */; };
		13FB8129269B1AE2002561F8 /* PersistenceManager.swift in Sources */ = {isa = PBXBuildFile; fileRef = 13FB8128269B1AE2002561F8 /* PersistenceManager.swift */; };
		13FB812C269B1AF8002561F8 /* HapticsManager.swift in Sources */ = {isa = PBXBuildFile; fileRef = 13FB812B269B1AF8002561F8 /* HapticsManager.swift */; };
		13FB8130269B396B002561F8 /* Extensions.swift in Sources */ = {isa = PBXBuildFile; fileRef = 13FB812F269B396B002561F8 /* Extensions.swift */; };
		13FB8133269B3B62002561F8 /* SearchResultTableViewCell.swift in Sources */ = {isa = PBXBuildFile; fileRef = 13FB8132269B3B62002561F8 /* SearchResultTableViewCell.swift */; };
		13FB8137269B4768002561F8 /* SearchResponse.swift in Sources */ = {isa = PBXBuildFile; fileRef = 13FB8136269B4768002561F8 /* SearchResponse.swift */; };
		13FF848C26A79C8500E8FC81 /* WatchListTableViewCell.swift in Sources */ = {isa = PBXBuildFile; fileRef = 13FF848B26A79C8500E8FC81 /* WatchListTableViewCell.swift */; };
		13FF848F26A7A58800E8FC81 /* StockChartView.swift in Sources */ = {isa = PBXBuildFile; fileRef = 13FF848E26A7A58800E8FC81 /* StockChartView.swift */; };
		C048AF521C91742DD233A8E4 /* Pods_Stocks.framework in Frameworks */ = {isa = PBXBuildFile; fileRef = 4D64BF951F6588461D7AD984 /* Pods_Stocks.framework */; };
/* End PBXBuildFile section */

/* Begin PBXFileReference section */
		10BA13F306C27B12C681DE89 /* Pods-Stocks.debug.xcconfig */ = {isa = PBXFileReference; includeInIndex = 1; lastKnownFileType = text.xcconfig; name = "Pods-Stocks.debug.xcconfig"; path = "Target Support Files/Pods-Stocks/Pods-Stocks.debug.xcconfig"; sourceTree = "<group>"; };
		13853BF2269351AD0048555D /* Stocks.app */ = {isa = PBXFileReference; explicitFileType = wrapper.application; includeInIndex = 0; path = Stocks.app; sourceTree = BUILT_PRODUCTS_DIR; };
		13853BF5269351AD0048555D /* AppDelegate.swift */ = {isa = PBXFileReference; lastKnownFileType = sourcecode.swift; path = AppDelegate.swift; sourceTree = "<group>"; };
		13853BF7269351AD0048555D /* SceneDelegate.swift */ = {isa = PBXFileReference; lastKnownFileType = sourcecode.swift; path = SceneDelegate.swift; sourceTree = "<group>"; };
		13853BF9269351AD0048555D /* WatchListViewController.swift */ = {isa = PBXFileReference; lastKnownFileType = sourcecode.swift; path = WatchListViewController.swift; sourceTree = "<group>"; };
		13853BFE269351AE0048555D /* Assets.xcassets */ = {isa = PBXFileReference; lastKnownFileType = folder.assetcatalog; path = Assets.xcassets; sourceTree = "<group>"; };
		13853C01269351AE0048555D /* Base */ = {isa = PBXFileReference; lastKnownFileType = file.storyboard; name = Base; path = Base.lproj/LaunchScreen.storyboard; sourceTree = "<group>"; };
		13853C03269351AE0048555D /* Info.plist */ = {isa = PBXFileReference; lastKnownFileType = text.plist.xml; path = Info.plist; sourceTree = "<group>"; };
		13853C13269353570048555D /* NewsViewController.swift */ = {isa = PBXFileReference; lastKnownFileType = sourcecode.swift; path = NewsViewController.swift; sourceTree = "<group>"; };
		13853C16269353710048555D /* SearchResultsViewController.swift */ = {isa = PBXFileReference; lastKnownFileType = sourcecode.swift; path = SearchResultsViewController.swift; sourceTree = "<group>"; };
		13853C19269353830048555D /* StockDetailsViewController.swift */ = {isa = PBXFileReference; lastKnownFileType = sourcecode.swift; path = StockDetailsViewController.swift; sourceTree = "<group>"; };
		13A43FDA26A5D73A009D4862 /* MarketDataResponse.swift */ = {isa = PBXFileReference; lastKnownFileType = sourcecode.swift; path = MarketDataResponse.swift; sourceTree = "<group>"; };
		13A8D92E269F121C006B59CE /* NewsStoryTableViewCell.swift */ = {isa = PBXFileReference; lastKnownFileType = sourcecode.swift; path = NewsStoryTableViewCell.swift; sourceTree = "<group>"; };
		13A97FAD269DE134008C10F6 /* NewsHeaderView.swift */ = {isa = PBXFileReference; lastKnownFileType = sourcecode.swift; path = NewsHeaderView.swift; sourceTree = "<group>"; };
		13A97FB0269DE81E008C10F6 /* NewStory.swift */ = {isa = PBXFileReference; lastKnownFileType = sourcecode.swift; path = NewStory.swift; sourceTree = "<group>"; };
		13B2A3C326B3E7F600AC9FBC /* FinancialMetricsResponse.swift */ = {isa = PBXFileReference; lastKnownFileType = sourcecode.swift; path = FinancialMetricsResponse.swift; sourceTree = "<group>"; };
		13B2A3C626B3EEE600AC9FBC /* StockDetailHeaderView.swift */ = {isa = PBXFileReference; lastKnownFileType = sourcecode.swift; path = StockDetailHeaderView.swift; sourceTree = "<group>"; };
		13B2A3C926B406E800AC9FBC /* MetricCollectionViewCell.swift */ = {isa = PBXFileReference; lastKnownFileType = sourcecode.swift; path = MetricCollectionViewCell.swift; sourceTree = "<group>"; };
		13FB8125269B1AD1002561F8 /* APICaller.swift */ = {isa = PBXFileReference; lastKnownFileType = sourcecode.swift; path = APICaller.swift; sourceTree = "<group>"; };
		13FB8128269B1AE2002561F8 /* PersistenceManager.swift */ = {isa = PBXFileReference; lastKnownFileType = sourcecode.swift; path = PersistenceManager.swift; sourceTree = "<group>"; };
		13FB812B269B1AF8002561F8 /* HapticsManager.swift */ = {isa = PBXFileReference; lastKnownFileType = sourcecode.swift; path = HapticsManager.swift; sourceTree = "<group>"; };
		13FB812F269B396B002561F8 /* Extensions.swift */ = {isa = PBXFileReference; lastKnownFileType = sourcecode.swift; path = Extensions.swift; sourceTree = "<group>"; };
		13FB8132269B3B62002561F8 /* SearchResultTableViewCell.swift */ = {isa = PBXFileReference; lastKnownFileType = sourcecode.swift; path = SearchResultTableViewCell.swift; sourceTree = "<group>"; };
		13FB8136269B4768002561F8 /* SearchResponse.swift */ = {isa = PBXFileReference; lastKnownFileType = sourcecode.swift; path = SearchResponse.swift; sourceTree = "<group>"; };
		13FF848B26A79C8500E8FC81 /* WatchListTableViewCell.swift */ = {isa = PBXFileReference; lastKnownFileType = sourcecode.swift; path = WatchListTableViewCell.swift; sourceTree = "<group>"; };
		13FF848E26A7A58800E8FC81 /* StockChartView.swift */ = {isa = PBXFileReference; lastKnownFileType = sourcecode.swift; path = StockChartView.swift; sourceTree = "<group>"; };
		3F5C8B4954D82B777BFAF072 /* Pods-Stocks.release.xcconfig */ = {isa = PBXFileReference; includeInIndex = 1; lastKnownFileType = text.xcconfig; name = "Pods-Stocks.release.xcconfig"; path = "Target Support Files/Pods-Stocks/Pods-Stocks.release.xcconfig"; sourceTree = "<group>"; };
		4D64BF951F6588461D7AD984 /* Pods_Stocks.framework */ = {isa = PBXFileReference; explicitFileType = wrapper.framework; includeInIndex = 0; path = Pods_Stocks.framework; sourceTree = BUILT_PRODUCTS_DIR; };
/* End PBXFileReference section */

/* Begin PBXFrameworksBuildPhase section */
		13853BEF269351AD0048555D /* Frameworks */ = {
			isa = PBXFrameworksBuildPhase;
			buildActionMask = 2147483647;
			files = (
				C048AF521C91742DD233A8E4 /* Pods_Stocks.framework in Frameworks */,
			);
			runOnlyForDeploymentPostprocessing = 0;
		};
/* End PBXFrameworksBuildPhase section */

/* Begin PBXGroup section */
		13853BE9269351AD0048555D = {
			isa = PBXGroup;
			children = (
				13853BF4269351AD0048555D /* Stocks */,
				13853BF3269351AD0048555D /* Products */,
				161B9DFE9DA2FCA988C9DA81 /* Pods */,
				7465DE57AFD0330E9E77C350 /* Frameworks */,
			);
			sourceTree = "<group>";
		};
		13853BF3269351AD0048555D /* Products */ = {
			isa = PBXGroup;
			children = (
				13853BF2269351AD0048555D /* Stocks.app */,
			);
			name = Products;
			sourceTree = "<group>";
		};
		13853BF4269351AD0048555D /* Stocks */ = {
			isa = PBXGroup;
			children = (
				13853C0B269352220048555D /* Others */,
				13853C0E2693523B0048555D /* Managers */,
				13853C0D269352330048555D /* Controllers */,
				13853C0C2693522B0048555D /* Views */,
				13853C0A2693521B0048555D /* Models */,
				13853C03269351AE0048555D /* Info.plist */,
			);
			path = Stocks;
			sourceTree = "<group>";
		};
		13853C0A2693521B0048555D /* Models */ = {
			isa = PBXGroup;
			children = (
				13FB8136269B4768002561F8 /* SearchResponse.swift */,
				13A43FDA26A5D73A009D4862 /* MarketDataResponse.swift */,
				13A97FB0269DE81E008C10F6 /* NewStory.swift */,
				13B2A3C326B3E7F600AC9FBC /* FinancialMetricsResponse.swift */,
			);
			path = Models;
			sourceTree = "<group>";
		};
		13853C0B269352220048555D /* Others */ = {
			isa = PBXGroup;
			children = (
				13853BFE269351AE0048555D /* Assets.xcassets */,
				13853BF7269351AD0048555D /* SceneDelegate.swift */,
				13853BF5269351AD0048555D /* AppDelegate.swift */,
				13FB812F269B396B002561F8 /* Extensions.swift */,
			);
			path = Others;
			sourceTree = "<group>";
		};
		13853C0C2693522B0048555D /* Views */ = {
			isa = PBXGroup;
			children = (
				13853C00269351AE0048555D /* LaunchScreen.storyboard */,
				13FB8132269B3B62002561F8 /* SearchResultTableViewCell.swift */,
				13A97FAD269DE134008C10F6 /* NewsHeaderView.swift */,
				13A8D92E269F121C006B59CE /* NewsStoryTableViewCell.swift */,
				13FF848B26A79C8500E8FC81 /* WatchListTableViewCell.swift */,
				13FF848E26A7A58800E8FC81 /* StockChartView.swift */,
				13B2A3C626B3EEE600AC9FBC /* StockDetailHeaderView.swift */,
				13B2A3C926B406E800AC9FBC /* MetricCollectionViewCell.swift */,
			);
			path = Views;
			sourceTree = "<group>";
		};
		13853C0D269352330048555D /* Controllers */ = {
			isa = PBXGroup;
			children = (
				13853BF9269351AD0048555D /* WatchListViewController.swift */,
				13853C13269353570048555D /* NewsViewController.swift */,
				13853C16269353710048555D /* SearchResultsViewController.swift */,
				13853C19269353830048555D /* StockDetailsViewController.swift */,
			);
			path = Controllers;
			sourceTree = "<group>";
		};
		13853C0E2693523B0048555D /* Managers */ = {
			isa = PBXGroup;
			children = (
				13FB8125269B1AD1002561F8 /* APICaller.swift */,
				13FB8128269B1AE2002561F8 /* PersistenceManager.swift */,
				13FB812B269B1AF8002561F8 /* HapticsManager.swift */,
			);
			path = Managers;
			sourceTree = "<group>";
		};
		161B9DFE9DA2FCA988C9DA81 /* Pods */ = {
			isa = PBXGroup;
			children = (
				10BA13F306C27B12C681DE89 /* Pods-Stocks.debug.xcconfig */,
				3F5C8B4954D82B777BFAF072 /* Pods-Stocks.release.xcconfig */,
			);
			path = Pods;
			sourceTree = "<group>";
		};
		7465DE57AFD0330E9E77C350 /* Frameworks */ = {
			isa = PBXGroup;
			children = (
				4D64BF951F6588461D7AD984 /* Pods_Stocks.framework */,
			);
			name = Frameworks;
			sourceTree = "<group>";
		};
/* End PBXGroup section */

/* Begin PBXNativeTarget section */
		13853BF1269351AD0048555D /* Stocks */ = {
			isa = PBXNativeTarget;
			buildConfigurationList = 13853C06269351AE0048555D /* Build configuration list for PBXNativeTarget "Stocks" */;
			buildPhases = (
				8E11DF9F5F239D023929C47B /* [CP] Check Pods Manifest.lock */,
				13853BEE269351AD0048555D /* Sources */,
				13853BEF269351AD0048555D /* Frameworks */,
				13853BF0269351AD0048555D /* Resources */,
				F104BDC1B99AD41893DA6B0B /* [CP] Embed Pods Frameworks */,
			);
			buildRules = (
			);
			dependencies = (
			);
			name = Stocks;
			productName = Stocks;
			productReference = 13853BF2269351AD0048555D /* Stocks.app */;
			productType = "com.apple.product-type.application";
		};
/* End PBXNativeTarget section */

/* Begin PBXProject section */
		13853BEA269351AD0048555D /* Project object */ = {
			isa = PBXProject;
			attributes = {
				LastSwiftUpdateCheck = 1240;
				LastUpgradeCheck = 1240;
				TargetAttributes = {
					13853BF1269351AD0048555D = {
						CreatedOnToolsVersion = 12.4;
					};
				};
			};
			buildConfigurationList = 13853BED269351AD0048555D /* Build configuration list for PBXProject "Stocks" */;
			compatibilityVersion = "Xcode 9.3";
			developmentRegion = en;
			hasScannedForEncodings = 0;
			knownRegions = (
				en,
				Base,
			);
			mainGroup = 13853BE9269351AD0048555D;
			productRefGroup = 13853BF3269351AD0048555D /* Products */;
			projectDirPath = "";
			projectRoot = "";
			targets = (
				13853BF1269351AD0048555D /* Stocks */,
			);
		};
/* End PBXProject section */

/* Begin PBXResourcesBuildPhase section */
		13853BF0269351AD0048555D /* Resources */ = {
			isa = PBXResourcesBuildPhase;
			buildActionMask = 2147483647;
			files = (
				13853C02269351AE0048555D /* LaunchScreen.storyboard in Resources */,
				13853BFF269351AE0048555D /* Assets.xcassets in Resources */,
			);
			runOnlyForDeploymentPostprocessing = 0;
		};
/* End PBXResourcesBuildPhase section */

/* Begin PBXShellScriptBuildPhase section */
		8E11DF9F5F239D023929C47B /* [CP] Check Pods Manifest.lock */ = {
			isa = PBXShellScriptBuildPhase;
			buildActionMask = 2147483647;
			files = (
			);
			inputFileListPaths = (
			);
			inputPaths = (
				"${PODS_PODFILE_DIR_PATH}/Podfile.lock",
				"${PODS_ROOT}/Manifest.lock",
			);
			name = "[CP] Check Pods Manifest.lock";
			outputFileListPaths = (
			);
			outputPaths = (
				"$(DERIVED_FILE_DIR)/Pods-Stocks-checkManifestLockResult.txt",
			);
			runOnlyForDeploymentPostprocessing = 0;
			shellPath = /bin/sh;
			shellScript = "diff \"${PODS_PODFILE_DIR_PATH}/Podfile.lock\" \"${PODS_ROOT}/Manifest.lock\" > /dev/null\nif [ $? != 0 ] ; then\n    # print error to STDERR\n    echo \"error: The sandbox is not in sync with the Podfile.lock. Run 'pod install' or update your CocoaPods installation.\" >&2\n    exit 1\nfi\n# This output is used by Xcode 'outputs' to avoid re-running this script phase.\necho \"SUCCESS\" > \"${SCRIPT_OUTPUT_FILE_0}\"\n";
			showEnvVarsInLog = 0;
		};
		F104BDC1B99AD41893DA6B0B /* [CP] Embed Pods Frameworks */ = {
			isa = PBXShellScriptBuildPhase;
			buildActionMask = 2147483647;
			files = (
			);
			inputFileListPaths = (
				"${PODS_ROOT}/Target Support Files/Pods-Stocks/Pods-Stocks-frameworks-${CONFIGURATION}-input-files.xcfilelist",
			);
			name = "[CP] Embed Pods Frameworks";
			outputFileListPaths = (
				"${PODS_ROOT}/Target Support Files/Pods-Stocks/Pods-Stocks-frameworks-${CONFIGURATION}-output-files.xcfilelist",
			);
			runOnlyForDeploymentPostprocessing = 0;
			shellPath = /bin/sh;
			shellScript = "\"${PODS_ROOT}/Target Support Files/Pods-Stocks/Pods-Stocks-frameworks.sh\"\n";
			showEnvVarsInLog = 0;
		};
/* End PBXShellScriptBuildPhase section */

/* Begin PBXSourcesBuildPhase section */
		13853BEE269351AD0048555D /* Sources */ = {
			isa = PBXSourcesBuildPhase;
			buildActionMask = 2147483647;
			files = (
				13A43FDB26A5D73A009D4862 /* MarketDataResponse.swift in Sources */,
				13853C1A269353830048555D /* StockDetailsViewController.swift in Sources */,
				13B2A3CA26B406E800AC9FBC /* MetricCollectionViewCell.swift in Sources */,
				13FB8133269B3B62002561F8 /* SearchResultTableViewCell.swift in Sources */,
				13853BFA269351AD0048555D /* WatchListViewController.swift in Sources */,
				13FB812C269B1AF8002561F8 /* HapticsManager.swift in Sources */,
				13B2A3C426B3E7F600AC9FBC /* FinancialMetricsResponse.swift in Sources */,
				13853C14269353570048555D /* NewsViewController.swift in Sources */,
				13FB8129269B1AE2002561F8 /* PersistenceManager.swift in Sources */,
				13FB8130269B396B002561F8 /* Extensions.swift in Sources */,
				13FB8126269B1AD1002561F8 /* APICaller.swift in Sources */,
				13A8D92F269F121C006B59CE /* NewsStoryTableViewCell.swift in Sources */,
				13FF848F26A7A58800E8FC81 /* StockChartView.swift in Sources */,
				13FB8137269B4768002561F8 /* SearchResponse.swift in Sources */,
				13A97FAE269DE134008C10F6 /* NewsHeaderView.swift in Sources */,
				13A97FB1269DE81E008C10F6 /* NewStory.swift in Sources */,
				13853BF6269351AD0048555D /* AppDelegate.swift in Sources */,
				13853BF8269351AD0048555D /* SceneDelegate.swift in Sources */,
				13B2A3C726B3EEE600AC9FBC /* StockDetailHeaderView.swift in Sources */,
				13FF848C26A79C8500E8FC81 /* WatchListTableViewCell.swift in Sources */,
				13853C17269353710048555D /* SearchResultsViewController.swift in Sources */,
			);
			runOnlyForDeploymentPostprocessing = 0;
		};
/* End PBXSourcesBuildPhase section */

/* Begin PBXVariantGroup section */
		13853C00269351AE0048555D /* LaunchScreen.storyboard */ = {
			isa = PBXVariantGroup;
			children = (
				13853C01269351AE0048555D /* Base */,
			);
			name = LaunchScreen.storyboard;
			sourceTree = "<group>";
		};
/* End PBXVariantGroup section */

/* Begin XCBuildConfiguration section */
		13853C04269351AE0048555D /* Debug */ = {
			isa = XCBuildConfiguration;
			buildSettings = {
				ALWAYS_SEARCH_USER_PATHS = NO;
				CLANG_ANALYZER_NONNULL = YES;
				CLANG_ANALYZER_NUMBER_OBJECT_CONVERSION = YES_AGGRESSIVE;
				CLANG_CXX_LANGUAGE_STANDARD = "gnu++14";
				CLANG_CXX_LIBRARY = "libc++";
				CLANG_ENABLE_MODULES = YES;
				CLANG_ENABLE_OBJC_ARC = YES;
				CLANG_ENABLE_OBJC_WEAK = YES;
				CLANG_WARN_BLOCK_CAPTURE_AUTORELEASING = YES;
				CLANG_WARN_BOOL_CONVERSION = YES;
				CLANG_WARN_COMMA = YES;
				CLANG_WARN_CONSTANT_CONVERSION = YES;
				CLANG_WARN_DEPRECATED_OBJC_IMPLEMENTATIONS = YES;
				CLANG_WARN_DIRECT_OBJC_ISA_USAGE = YES_ERROR;
				CLANG_WARN_DOCUMENTATION_COMMENTS = YES;
				CLANG_WARN_EMPTY_BODY = YES;
				CLANG_WARN_ENUM_CONVERSION = YES;
				CLANG_WARN_INFINITE_RECURSION = YES;
				CLANG_WARN_INT_CONVERSION = YES;
				CLANG_WARN_NON_LITERAL_NULL_CONVERSION = YES;
				CLANG_WARN_OBJC_IMPLICIT_RETAIN_SELF = YES;
				CLANG_WARN_OBJC_LITERAL_CONVERSION = YES;
				CLANG_WARN_OBJC_ROOT_CLASS = YES_ERROR;
				CLANG_WARN_QUOTED_INCLUDE_IN_FRAMEWORK_HEADER = YES;
				CLANG_WARN_RANGE_LOOP_ANALYSIS = YES;
				CLANG_WARN_STRICT_PROTOTYPES = YES;
				CLANG_WARN_SUSPICIOUS_MOVE = YES;
				CLANG_WARN_UNGUARDED_AVAILABILITY = YES_AGGRESSIVE;
				CLANG_WARN_UNREACHABLE_CODE = YES;
				CLANG_WARN__DUPLICATE_METHOD_MATCH = YES;
				COPY_PHASE_STRIP = NO;
				DEBUG_INFORMATION_FORMAT = dwarf;
				ENABLE_STRICT_OBJC_MSGSEND = YES;
				ENABLE_TESTABILITY = YES;
				GCC_C_LANGUAGE_STANDARD = gnu11;
				GCC_DYNAMIC_NO_PIC = NO;
				GCC_NO_COMMON_BLOCKS = YES;
				GCC_OPTIMIZATION_LEVEL = 0;
				GCC_PREPROCESSOR_DEFINITIONS = (
					"DEBUG=1",
					"$(inherited)",
				);
				GCC_WARN_64_TO_32_BIT_CONVERSION = YES;
				GCC_WARN_ABOUT_RETURN_TYPE = YES_ERROR;
				GCC_WARN_UNDECLARED_SELECTOR = YES;
				GCC_WARN_UNINITIALIZED_AUTOS = YES_AGGRESSIVE;
				GCC_WARN_UNUSED_FUNCTION = YES;
				GCC_WARN_UNUSED_VARIABLE = YES;
				IPHONEOS_DEPLOYMENT_TARGET = 14.4;
				MTL_ENABLE_DEBUG_INFO = INCLUDE_SOURCE;
				MTL_FAST_MATH = YES;
				ONLY_ACTIVE_ARCH = YES;
				SDKROOT = iphoneos;
				SWIFT_ACTIVE_COMPILATION_CONDITIONS = DEBUG;
				SWIFT_OPTIMIZATION_LEVEL = "-Onone";
			};
			name = Debug;
		};
		13853C05269351AE0048555D /* Release */ = {
			isa = XCBuildConfiguration;
			buildSettings = {
				ALWAYS_SEARCH_USER_PATHS = NO;
				CLANG_ANALYZER_NONNULL = YES;
				CLANG_ANALYZER_NUMBER_OBJECT_CONVERSION = YES_AGGRESSIVE;
				CLANG_CXX_LANGUAGE_STANDARD = "gnu++14";
				CLANG_CXX_LIBRARY = "libc++";
				CLANG_ENABLE_MODULES = YES;
				CLANG_ENABLE_OBJC_ARC = YES;
				CLANG_ENABLE_OBJC_WEAK = YES;
				CLANG_WARN_BLOCK_CAPTURE_AUTORELEASING = YES;
				CLANG_WARN_BOOL_CONVERSION = YES;
				CLANG_WARN_COMMA = YES;
				CLANG_WARN_CONSTANT_CONVERSION = YES;
				CLANG_WARN_DEPRECATED_OBJC_IMPLEMENTATIONS = YES;
				CLANG_WARN_DIRECT_OBJC_ISA_USAGE = YES_ERROR;
				CLANG_WARN_DOCUMENTATION_COMMENTS = YES;
				CLANG_WARN_EMPTY_BODY = YES;
				CLANG_WARN_ENUM_CONVERSION = YES;
				CLANG_WARN_INFINITE_RECURSION = YES;
				CLANG_WARN_INT_CONVERSION = YES;
				CLANG_WARN_NON_LITERAL_NULL_CONVERSION = YES;
				CLANG_WARN_OBJC_IMPLICIT_RETAIN_SELF = YES;
				CLANG_WARN_OBJC_LITERAL_CONVERSION = YES;
				CLANG_WARN_OBJC_ROOT_CLASS = YES_ERROR;
				CLANG_WARN_QUOTED_INCLUDE_IN_FRAMEWORK_HEADER = YES;
				CLANG_WARN_RANGE_LOOP_ANALYSIS = YES;
				CLANG_WARN_STRICT_PROTOTYPES = YES;
				CLANG_WARN_SUSPICIOUS_MOVE = YES;
				CLANG_WARN_UNGUARDED_AVAILABILITY = YES_AGGRESSIVE;
				CLANG_WARN_UNREACHABLE_CODE = YES;
				CLANG_WARN__DUPLICATE_METHOD_MATCH = YES;
				COPY_PHASE_STRIP = NO;
				DEBUG_INFORMATION_FORMAT = "dwarf-with-dsym";
				ENABLE_NS_ASSERTIONS = NO;
				ENABLE_STRICT_OBJC_MSGSEND = YES;
				GCC_C_LANGUAGE_STANDARD = gnu11;
				GCC_NO_COMMON_BLOCKS = YES;
				GCC_WARN_64_TO_32_BIT_CONVERSION = YES;
				GCC_WARN_ABOUT_RETURN_TYPE = YES_ERROR;
				GCC_WARN_UNDECLARED_SELECTOR = YES;
				GCC_WARN_UNINITIALIZED_AUTOS = YES_AGGRESSIVE;
				GCC_WARN_UNUSED_FUNCTION = YES;
				GCC_WARN_UNUSED_VARIABLE = YES;
				IPHONEOS_DEPLOYMENT_TARGET = 14.4;
				MTL_ENABLE_DEBUG_INFO = NO;
				MTL_FAST_MATH = YES;
				SDKROOT = iphoneos;
				SWIFT_COMPILATION_MODE = wholemodule;
				SWIFT_OPTIMIZATION_LEVEL = "-O";
				VALIDATE_PRODUCT = YES;
			};
			name = Release;
		};
		13853C07269351AE0048555D /* Debug */ = {
			isa = XCBuildConfiguration;
			baseConfigurationReference = 10BA13F306C27B12C681DE89 /* Pods-Stocks.debug.xcconfig */;
			buildSettings = {
				ASSETCATALOG_COMPILER_APPICON_NAME = AppIcon;
				ASSETCATALOG_COMPILER_GLOBAL_ACCENT_COLOR_NAME = AccentColor;
				CODE_SIGN_STYLE = Automatic;
				DEVELOPMENT_TEAM = 3F6RB5JZKP;
				INFOPLIST_FILE = Stocks/Info.plist;
				IPHONEOS_DEPLOYMENT_TARGET = 13.0;
				LD_RUNPATH_SEARCH_PATHS = (
					"$(inherited)",
					"@executable_path/Frameworks",
				);
				PRODUCT_BUNDLE_IDENTIFIER = hebaek.Stocks;
				PRODUCT_NAME = "$(TARGET_NAME)";
				SWIFT_VERSION = 5.0;
				TARGETED_DEVICE_FAMILY = 1;
			};
			name = Debug;
		};
		13853C08269351AE0048555D /* Release */ = {
			isa = XCBuildConfiguration;
			baseConfigurationReference = 3F5C8B4954D82B777BFAF072 /* Pods-Stocks.release.xcconfig */;
			buildSettings = {
				ASSETCATALOG_COMPILER_APPICON_NAME = AppIcon;
				ASSETCATALOG_COMPILER_GLOBAL_ACCENT_COLOR_NAME = AccentColor;
				CODE_SIGN_STYLE = Automatic;
				DEVELOPMENT_TEAM = 3F6RB5JZKP;
				INFOPLIST_FILE = Stocks/Info.plist;
				IPHONEOS_DEPLOYMENT_TARGET = 13.0;
				LD_RUNPATH_SEARCH_PATHS = (
					"$(inherited)",
					"@executable_path/Frameworks",
				);
				PRODUCT_BUNDLE_IDENTIFIER = hebaek.Stocks;
				PRODUCT_NAME = "$(TARGET_NAME)";
				SWIFT_VERSION = 5.0;
				TARGETED_DEVICE_FAMILY = 1;
			};
			name = Release;
		};
/* End XCBuildConfiguration section */

/* Begin XCConfigurationList section */
		13853BED269351AD0048555D /* Build configuration list for PBXProject "Stocks" */ = {
			isa = XCConfigurationList;
			buildConfigurations = (
				13853C04269351AE0048555D /* Debug */,
				13853C05269351AE0048555D /* Release */,
			);
			defaultConfigurationIsVisible = 0;
			defaultConfigurationName = Release;
		};
		13853C06269351AE0048555D /* Build configuration list for PBXNativeTarget "Stocks" */ = {
			isa = XCConfigurationList;
			buildConfigurations = (
				13853C07269351AE0048555D /* Debug */,
				13853C08269351AE0048555D /* Release */,
			);
			defaultConfigurationIsVisible = 0;
			defaultConfigurationName = Release;
		};
/* End XCConfigurationList section */
	};
	rootObject = 13853BEA269351AD0048555D /* Project object */;
}
