// !$*UTF8*$!
{
	archiveVersion = 1;
	classes = {
	};
	objectVersion = 50;
	objects = {

/* Begin PBXBuildFile section */
		13A23C60265120B300056302 /* AppDelegate.swift in Sources */ = {isa = PBXBuildFile; fileRef = 13A23C5F265120B300056302 /* AppDelegate.swift */; };
		13A23C62265120B300056302 /* SceneDelegate.swift in Sources */ = {isa = PBXBuildFile; fileRef = 13A23C61265120B300056302 /* SceneDelegate.swift */; };
		13A23C64265120B300056302 /* ViewController.swift in Sources */ = {isa = PBXBuildFile; fileRef = 13A23C63265120B300056302 /* ViewController.swift */; };
		13A23C67265120B300056302 /* Main.storyboard in Resources */ = {isa = PBXBuildFile; fileRef = 13A23C65265120B300056302 /* Main.storyboard */; };
		13A23C69265120B300056302 /* Assets.xcassets in Resources */ = {isa = PBXBuildFile; fileRef = 13A23C68265120B300056302 /* Assets.xcassets */; };
		13A23C6C265120B300056302 /* LaunchScreen.storyboard in Resources */ = {isa = PBXBuildFile; fileRef = 13A23C6A265120B300056302 /* LaunchScreen.storyboard */; };
		13A23C752651234E00056302 /* Player.swift in Sources */ = {isa = PBXBuildFile; fileRef = 13A23C742651234E00056302 /* Player.swift */; };
		13A23C7826512B4F00056302 /* TableViewCell.swift in Sources */ = {isa = PBXBuildFile; fileRef = 13A23C7726512B4F00056302 /* TableViewCell.swift */; };
		13A23C7D2651332C00056302 /* cutthroat.mp3 in Resources */ = {isa = PBXBuildFile; fileRef = 13A23C7A2651332C00056302 /* cutthroat.mp3 */; };
		13A23C7E2651332C00056302 /* vivalavida.mp3 in Resources */ = {isa = PBXBuildFile; fileRef = 13A23C7B2651332C00056302 /* vivalavida.mp3 */; };
		13A23C7F2651332C00056302 /* havana.mp3 in Resources */ = {isa = PBXBuildFile; fileRef = 13A23C7C2651332C00056302 /* havana.mp3 */; };
/* End PBXBuildFile section */

/* Begin PBXFileReference section */
		13A23C5C265120B300056302 /* AudioPlayer.app */ = {isa = PBXFileReference; explicitFileType = wrapper.application; includeInIndex = 0; path = AudioPlayer.app; sourceTree = BUILT_PRODUCTS_DIR; };
		13A23C5F265120B300056302 /* AppDelegate.swift */ = {isa = PBXFileReference; lastKnownFileType = sourcecode.swift; path = AppDelegate.swift; sourceTree = "<group>"; };
		13A23C61265120B300056302 /* SceneDelegate.swift */ = {isa = PBXFileReference; lastKnownFileType = sourcecode.swift; path = SceneDelegate.swift; sourceTree = "<group>"; };
		13A23C63265120B300056302 /* ViewController.swift */ = {isa = PBXFileReference; lastKnownFileType = sourcecode.swift; path = ViewController.swift; sourceTree = "<group>"; };
		13A23C66265120B300056302 /* Base */ = {isa = PBXFileReference; lastKnownFileType = file.storyboard; name = Base; path = Base.lproj/Main.storyboard; sourceTree = "<group>"; };
		13A23C68265120B300056302 /* Assets.xcassets */ = {isa = PBXFileReference; lastKnownFileType = folder.assetcatalog; path = Assets.xcassets; sourceTree = "<group>"; };
		13A23C6B265120B300056302 /* Base */ = {isa = PBXFileReference; lastKnownFileType = file.storyboard; name = Base; path = Base.lproj/LaunchScreen.storyboard; sourceTree = "<group>"; };
		13A23C6D265120B300056302 /* Info.plist */ = {isa = PBXFileReference; lastKnownFileType = text.plist.xml; path = Info.plist; sourceTree = "<group>"; };
		13A23C742651234E00056302 /* Player.swift */ = {isa = PBXFileReference; lastKnownFileType = sourcecode.swift; path = Player.swift; sourceTree = "<group>"; };
		13A23C7726512B4F00056302 /* TableViewCell.swift */ = {isa = PBXFileReference; lastKnownFileType = sourcecode.swift; path = TableViewCell.swift; sourceTree = "<group>"; };
		13A23C7A2651332C00056302 /* cutthroat.mp3 */ = {isa = PBXFileReference; lastKnownFileType = audio.mp3; path = cutthroat.mp3; sourceTree = SOURCE_ROOT; };
		13A23C7B2651332C00056302 /* vivalavida.mp3 */ = {isa = PBXFileReference; lastKnownFileType = audio.mp3; path = vivalavida.mp3; sourceTree = SOURCE_ROOT; };
		13A23C7C2651332C00056302 /* havana.mp3 */ = {isa = PBXFileReference; lastKnownFileType = audio.mp3; path = havana.mp3; sourceTree = SOURCE_ROOT; };
/* End PBXFileReference section */

/* Begin PBXFrameworksBuildPhase section */
		13A23C59265120B300056302 /* Frameworks */ = {
			isa = PBXFrameworksBuildPhase;
			buildActionMask = 2147483647;
			files = (
			);
			runOnlyForDeploymentPostprocessing = 0;
		};
/* End PBXFrameworksBuildPhase section */

/* Begin PBXGroup section */
		13A23C53265120B300056302 = {
			isa = PBXGroup;
			children = (
				13A23C5E265120B300056302 /* AudioPlayer */,
				13A23C5D265120B300056302 /* Products */,
			);
			sourceTree = "<group>";
		};
		13A23C5D265120B300056302 /* Products */ = {
			isa = PBXGroup;
			children = (
				13A23C5C265120B300056302 /* AudioPlayer.app */,
			);
			name = Products;
			sourceTree = "<group>";
		};
		13A23C5E265120B300056302 /* AudioPlayer */ = {
			isa = PBXGroup;
			children = (
				13A23C7A2651332C00056302 /* cutthroat.mp3 */,
				13A23C7C2651332C00056302 /* havana.mp3 */,
				13A23C7B2651332C00056302 /* vivalavida.mp3 */,
				13A23C5F265120B300056302 /* AppDelegate.swift */,
				13A23C61265120B300056302 /* SceneDelegate.swift */,
				13A23C63265120B300056302 /* ViewController.swift */,
				13A23C742651234E00056302 /* Player.swift */,
				13A23C65265120B300056302 /* Main.storyboard */,
				13A23C7726512B4F00056302 /* TableViewCell.swift */,
				13A23C68265120B300056302 /* Assets.xcassets */,
				13A23C6A265120B300056302 /* LaunchScreen.storyboard */,
				13A23C6D265120B300056302 /* Info.plist */,
			);
			path = AudioPlayer;
			sourceTree = "<group>";
		};
/* End PBXGroup section */

/* Begin PBXNativeTarget section */
		13A23C5B265120B300056302 /* AudioPlayer */ = {
			isa = PBXNativeTarget;
			buildConfigurationList = 13A23C70265120B300056302 /* Build configuration list for PBXNativeTarget "AudioPlayer" */;
			buildPhases = (
				13A23C58265120B300056302 /* Sources */,
				13A23C59265120B300056302 /* Frameworks */,
				13A23C5A265120B300056302 /* Resources */,
			);
			buildRules = (
			);
			dependencies = (
			);
			name = AudioPlayer;
			productName = AudioPlayer;
			productReference = 13A23C5C265120B300056302 /* AudioPlayer.app */;
			productType = "com.apple.product-type.application";
		};
/* End PBXNativeTarget section */

/* Begin PBXProject section */
		13A23C54265120B300056302 /* Project object */ = {
			isa = PBXProject;
			attributes = {
				LastSwiftUpdateCheck = 1240;
				LastUpgradeCheck = 1240;
				TargetAttributes = {
					13A23C5B265120B300056302 = {
						CreatedOnToolsVersion = 12.4;
					};
				};
			};
			buildConfigurationList = 13A23C57265120B300056302 /* Build configuration list for PBXProject "AudioPlayer" */;
			compatibilityVersion = "Xcode 9.3";
			developmentRegion = en;
			hasScannedForEncodings = 0;
			knownRegions = (
				en,
				Base,
			);
			mainGroup = 13A23C53265120B300056302;
			productRefGroup = 13A23C5D265120B300056302 /* Products */;
			projectDirPath = "";
			projectRoot = "";
			targets = (
				13A23C5B265120B300056302 /* AudioPlayer */,
			);
		};
/* End PBXProject section */

/* Begin PBXResourcesBuildPhase section */
		13A23C5A265120B300056302 /* Resources */ = {
			isa = PBXResourcesBuildPhase;
			buildActionMask = 2147483647;
			files = (
				13A23C7E2651332C00056302 /* vivalavida.mp3 in Resources */,
				13A23C6C265120B300056302 /* LaunchScreen.storyboard in Resources */,
				13A23C7D2651332C00056302 /* cutthroat.mp3 in Resources */,
				13A23C7F2651332C00056302 /* havana.mp3 in Resources */,
				13A23C69265120B300056302 /* Assets.xcassets in Resources */,
				13A23C67265120B300056302 /* Main.storyboard in Resources */,
			);
			runOnlyForDeploymentPostprocessing = 0;
		};
/* End PBXResourcesBuildPhase section */

/* Begin PBXSourcesBuildPhase section */
		13A23C58265120B300056302 /* Sources */ = {
			isa = PBXSourcesBuildPhase;
			buildActionMask = 2147483647;
			files = (
				13A23C7826512B4F00056302 /* TableViewCell.swift in Sources */,
				13A23C752651234E00056302 /* Player.swift in Sources */,
				13A23C64265120B300056302 /* ViewController.swift in Sources */,
				13A23C60265120B300056302 /* AppDelegate.swift in Sources */,
				13A23C62265120B300056302 /* SceneDelegate.swift in Sources */,
			);
			runOnlyForDeploymentPostprocessing = 0;
		};
/* End PBXSourcesBuildPhase section */

/* Begin PBXVariantGroup section */
		13A23C65265120B300056302 /* Main.storyboard */ = {
			isa = PBXVariantGroup;
			children = (
				13A23C66265120B300056302 /* Base */,
			);
			name = Main.storyboard;
			sourceTree = "<group>";
		};
		13A23C6A265120B300056302 /* LaunchScreen.storyboard */ = {
			isa = PBXVariantGroup;
			children = (
				13A23C6B265120B300056302 /* Base */,
			);
			name = LaunchScreen.storyboard;
			sourceTree = "<group>";
		};
/* End PBXVariantGroup section */

/* Begin XCBuildConfiguration section */
		13A23C6E265120B300056302 /* Debug */ = {
			isa = XCBuildConfiguration;
			buildSettings = {
				ALWAYS_SEARCH_USER_PATHS = NO;
				CLANG_ANALYZER_NONNULL = YES;
				CLANG_ANALYZER_NUMBER_OBJECT_CONVERSION = YES_AGGRESSIVE;
				CLANG_CXX_LANGUAGE_STANDARD = "gnu++14";
				CLANG_CXX_LIBRARY = "libc++";
				CLANG_ENABLE_MODULES = YES;
				CLANG_ENABLE_OBJC_ARC = YES;
				CLANG_ENABLE_OBJC_WEAK = YES;
				CLANG_WARN_BLOCK_CAPTURE_AUTORELEASING = YES;
				CLANG_WARN_BOOL_CONVERSION = YES;
				CLANG_WARN_COMMA = YES;
				CLANG_WARN_CONSTANT_CONVERSION = YES;
				CLANG_WARN_DEPRECATED_OBJC_IMPLEMENTATIONS = YES;
				CLANG_WARN_DIRECT_OBJC_ISA_USAGE = YES_ERROR;
				CLANG_WARN_DOCUMENTATION_COMMENTS = YES;
				CLANG_WARN_EMPTY_BODY = YES;
				CLANG_WARN_ENUM_CONVERSION = YES;
				CLANG_WARN_INFINITE_RECURSION = YES;
				CLANG_WARN_INT_CONVERSION = YES;
				CLANG_WARN_NON_LITERAL_NULL_CONVERSION = YES;
				CLANG_WARN_OBJC_IMPLICIT_RETAIN_SELF = YES;
				CLANG_WARN_OBJC_LITERAL_CONVERSION = YES;
				CLANG_WARN_OBJC_ROOT_CLASS = YES_ERROR;
				CLANG_WARN_QUOTED_INCLUDE_IN_FRAMEWORK_HEADER = YES;
				CLANG_WARN_RANGE_LOOP_ANALYSIS = YES;
				CLANG_WARN_STRICT_PROTOTYPES = YES;
				CLANG_WARN_SUSPICIOUS_MOVE = YES;
				CLANG_WARN_UNGUARDED_AVAILABILITY = YES_AGGRESSIVE;
				CLANG_WARN_UNREACHABLE_CODE = YES;
				CLANG_WARN__DUPLICATE_METHOD_MATCH = YES;
				COPY_PHASE_STRIP = NO;
				DEBUG_INFORMATION_FORMAT = dwarf;
				ENABLE_STRICT_OBJC_MSGSEND = YES;
				ENABLE_TESTABILITY = YES;
				GCC_C_LANGUAGE_STANDARD = gnu11;
				GCC_DYNAMIC_NO_PIC = NO;
				GCC_NO_COMMON_BLOCKS = YES;
				GCC_OPTIMIZATION_LEVEL = 0;
				GCC_PREPROCESSOR_DEFINITIONS = (
					"DEBUG=1",
					"$(inherited)",
				);
				GCC_WARN_64_TO_32_BIT_CONVERSION = YES;
				GCC_WARN_ABOUT_RETURN_TYPE = YES_ERROR;
				GCC_WARN_UNDECLARED_SELECTOR = YES;
				GCC_WARN_UNINITIALIZED_AUTOS = YES_AGGRESSIVE;
				GCC_WARN_UNUSED_FUNCTION = YES;
				GCC_WARN_UNUSED_VARIABLE = YES;
				IPHONEOS_DEPLOYMENT_TARGET = 14.4;
				MTL_ENABLE_DEBUG_INFO = INCLUDE_SOURCE;
				MTL_FAST_MATH = YES;
				ONLY_ACTIVE_ARCH = YES;
				SDKROOT = iphoneos;
				SWIFT_ACTIVE_COMPILATION_CONDITIONS = DEBUG;
				SWIFT_OPTIMIZATION_LEVEL = "-Onone";
			};
			name = Debug;
		};
		13A23C6F265120B300056302 /* Release */ = {
			isa = XCBuildConfiguration;
			buildSettings = {
				ALWAYS_SEARCH_USER_PATHS = NO;
				CLANG_ANALYZER_NONNULL = YES;
				CLANG_ANALYZER_NUMBER_OBJECT_CONVERSION = YES_AGGRESSIVE;
				CLANG_CXX_LANGUAGE_STANDARD = "gnu++14";
				CLANG_CXX_LIBRARY = "libc++";
				CLANG_ENABLE_MODULES = YES;
				CLANG_ENABLE_OBJC_ARC = YES;
				CLANG_ENABLE_OBJC_WEAK = YES;
				CLANG_WARN_BLOCK_CAPTURE_AUTORELEASING = YES;
				CLANG_WARN_BOOL_CONVERSION = YES;
				CLANG_WARN_COMMA = YES;
				CLANG_WARN_CONSTANT_CONVERSION = YES;
				CLANG_WARN_DEPRECATED_OBJC_IMPLEMENTATIONS = YES;
				CLANG_WARN_DIRECT_OBJC_ISA_USAGE = YES_ERROR;
				CLANG_WARN_DOCUMENTATION_COMMENTS = YES;
				CLANG_WARN_EMPTY_BODY = YES;
				CLANG_WARN_ENUM_CONVERSION = YES;
				CLANG_WARN_INFINITE_RECURSION = YES;
				CLANG_WARN_INT_CONVERSION = YES;
				CLANG_WARN_NON_LITERAL_NULL_CONVERSION = YES;
				CLANG_WARN_OBJC_IMPLICIT_RETAIN_SELF = YES;
				CLANG_WARN_OBJC_LITERAL_CONVERSION = YES;
				CLANG_WARN_OBJC_ROOT_CLASS = YES_ERROR;
				CLANG_WARN_QUOTED_INCLUDE_IN_FRAMEWORK_HEADER = YES;
				CLANG_WARN_RANGE_LOOP_ANALYSIS = YES;
				CLANG_WARN_STRICT_PROTOTYPES = YES;
				CLANG_WARN_SUSPICIOUS_MOVE = YES;
				CLANG_WARN_UNGUARDED_AVAILABILITY = YES_AGGRESSIVE;
				CLANG_WARN_UNREACHABLE_CODE = YES;
				CLANG_WARN__DUPLICATE_METHOD_MATCH = YES;
				COPY_PHASE_STRIP = NO;
				DEBUG_INFORMATION_FORMAT = "dwarf-with-dsym";
				ENABLE_NS_ASSERTIONS = NO;
				ENABLE_STRICT_OBJC_MSGSEND = YES;
				GCC_C_LANGUAGE_STANDARD = gnu11;
				GCC_NO_COMMON_BLOCKS = YES;
				GCC_WARN_64_TO_32_BIT_CONVERSION = YES;
				GCC_WARN_ABOUT_RETURN_TYPE = YES_ERROR;
				GCC_WARN_UNDECLARED_SELECTOR = YES;
				GCC_WARN_UNINITIALIZED_AUTOS = YES_AGGRESSIVE;
				GCC_WARN_UNUSED_FUNCTION = YES;
				GCC_WARN_UNUSED_VARIABLE = YES;
				IPHONEOS_DEPLOYMENT_TARGET = 14.4;
				MTL_ENABLE_DEBUG_INFO = NO;
				MTL_FAST_MATH = YES;
				SDKROOT = iphoneos;
				SWIFT_COMPILATION_MODE = wholemodule;
				SWIFT_OPTIMIZATION_LEVEL = "-O";
				VALIDATE_PRODUCT = YES;
			};
			name = Release;
		};
		13A23C71265120B300056302 /* Debug */ = {
			isa = XCBuildConfiguration;
			buildSettings = {
				ASSETCATALOG_COMPILER_APPICON_NAME = AppIcon;
				ASSETCATALOG_COMPILER_GLOBAL_ACCENT_COLOR_NAME = AccentColor;
				CODE_SIGN_STYLE = Automatic;
				DEVELOPMENT_TEAM = 3F6RB5JZKP;
				INFOPLIST_FILE = AudioPlayer/Info.plist;
				LD_RUNPATH_SEARCH_PATHS = (
					"$(inherited)",
					"@executable_path/Frameworks",
				);
				PRODUCT_BUNDLE_IDENTIFIER = hebaek.AudioPlayer;
				PRODUCT_NAME = "$(TARGET_NAME)";
				SWIFT_VERSION = 5.0;
				TARGETED_DEVICE_FAMILY = "1,2";
			};
			name = Debug;
		};
		13A23C72265120B300056302 /* Release */ = {
			isa = XCBuildConfiguration;
			buildSettings = {
				ASSETCATALOG_COMPILER_APPICON_NAME = AppIcon;
				ASSETCATALOG_COMPILER_GLOBAL_ACCENT_COLOR_NAME = AccentColor;
				CODE_SIGN_STYLE = Automatic;
				DEVELOPMENT_TEAM = 3F6RB5JZKP;
				INFOPLIST_FILE = AudioPlayer/Info.plist;
				LD_RUNPATH_SEARCH_PATHS = (
					"$(inherited)",
					"@executable_path/Frameworks",
				);
				PRODUCT_BUNDLE_IDENTIFIER = hebaek.AudioPlayer;
				PRODUCT_NAME = "$(TARGET_NAME)";
				SWIFT_VERSION = 5.0;
				TARGETED_DEVICE_FAMILY = "1,2";
			};
			name = Release;
		};
/* End XCBuildConfiguration section */

/* Begin XCConfigurationList section */
		13A23C57265120B300056302 /* Build configuration list for PBXProject "AudioPlayer" */ = {
			isa = XCConfigurationList;
			buildConfigurations = (
				13A23C6E265120B300056302 /* Debug */,
				13A23C6F265120B300056302 /* Release */,
			);
			defaultConfigurationIsVisible = 0;
			defaultConfigurationName = Release;
		};
		13A23C70265120B300056302 /* Build configuration list for PBXNativeTarget "AudioPlayer" */ = {
			isa = XCConfigurationList;
			buildConfigurations = (
				13A23C71265120B300056302 /* Debug */,
				13A23C72265120B300056302 /* Release */,
			);
			defaultConfigurationIsVisible = 0;
			defaultConfigurationName = Release;
		};
/* End XCConfigurationList section */
	};
	rootObject = 13A23C54265120B300056302 /* Project object */;
}
